
Microsoft Visual Studio Solution File, Format Version 12.00
# Visual Studio Version 16
VisualStudioVersion = 16.0.29519.87
MinimumVisualStudioVersion = 10.0.40219.1
Project("{8BC9CEB8-8B4A-11D0-8D11-00A0C91BC942}") = "demo", "demo\demo.vcxproj", "{4C7C7893-B1F8-4B36-A376-3C4244AD2011}"
EndProject
Project("{8BC9CEB8-8B4A-11D0-8D11-00A0C91BC942}") = "tutorial", "tutorial\tutorial.vcxproj", "{FB57C52A-E36C-4D5F-8457-351283D9B275}"
EndProject
Project("{8BC9CEB8-8B4A-11D0-8D11-00A0C91BC942}") = "virtual_broadcaster", "virtual_broadcaster\virtual_broadcaster.vcxproj", "{E4F94949-95ED-4DC4-8B3C-2979B463DD78}"
EndProject
Project("{8BC9CEB8-8B4A-11D0-8D11-00A0C91BC942}") = "mocap", "mocap\mocap.vcxproj", "{39FEAD18-D907-4E51-8C37-53CB68CF63BC}"
EndProject
Project("{8BC9CEB8-8B4A-11D0-8D11-00A0C91BC942}") = "recorder", "recorder\recorder.vcxproj", "{0314DB4E-0879-4BFF-82EF-DE4DC3D1BBA9}"
EndProject
Project("{8BC9CEB8-8B4A-11D0-8D11-00A0C91BC942}") = "calibration_info", "calibration_info\calibration_info.vcxproj", "{3B640A84-0FBB-4810-99E8-FBD80545F812}"
EndProject
Project("{8BC9CEB8-8B4A-11D0-8D11-00A0C91BC942}") = "transformation_example", "transformation_example\transformation_example.vcxproj", "{4C042BC7-DD9A-4036-842D-E409B2939984}"
EndProject
Global
	GlobalSection(SolutionConfigurationPlatforms) = preSolution
		Debug|x64 = Debug|x64
		Debug|x86 = Debug|x86
		Release|x64 = Release|x64
		Release|x86 = Release|x86
	EndGlobalSection
	GlobalSection(ProjectConfigurationPlatforms) = postSolution
		{4C7C7893-B1F8-4B36-A376-3C4244AD2011}.Debug|x64.ActiveCfg = Debug|x64
		{4C7C7893-B1F8-4B36-A376-3C4244AD2011}.Debug|x64.Build.0 = Debug|x64
		{4C7C7893-B1F8-4B36-A376-3C4244AD2011}.Debug|x86.ActiveCfg = Debug|Win32
		{4C7C7893-B1F8-4B36-A376-3C4244AD2011}.Debug|x86.Build.0 = Debug|Win32
		{4C7C7893-B1F8-4B36-A376-3C4244AD2011}.Release|x64.ActiveCfg = Release|x64
		{4C7C7893-B1F8-4B36-A376-3C4244AD2011}.Release|x64.Build.0 = Release|x64
		{4C7C7893-B1F8-4B36-A376-3C4244AD2011}.Release|x86.ActiveCfg = Release|Win32
		{4C7C7893-B1F8-4B36-A376-3C4244AD2011}.Release|x86.Build.0 = Release|Win32
		{FB57C52A-E36C-4D5F-8457-351283D9B275}.Debug|x64.ActiveCfg = Debug|x64
		{FB57C52A-E36C-4D5F-8457-351283D9B275}.Debug|x64.Build.0 = Debug|x64
		{FB57C52A-E36C-4D5F-8457-351283D9B275}.Debug|x86.ActiveCfg = Debug|Win32
		{FB57C52A-E36C-4D5F-8457-351283D9B275}.Debug|x86.Build.0 = Debug|Win32
		{FB57C52A-E36C-4D5F-8457-351283D9B275}.Release|x64.ActiveCfg = Release|x64
		{FB57C52A-E36C-4D5F-8457-351283D9B275}.Release|x64.Build.0 = Release|x64
		{FB57C52A-E36C-4D5F-8457-351283D9B275}.Release|x86.ActiveCfg = Release|Win32
		{FB57C52A-E36C-4D5F-8457-351283D9B275}.Release|x86.Build.0 = Release|Win32
		{E4F94949-95ED-4DC4-8B3C-2979B463DD78}.Debug|x64.ActiveCfg = Debug|x64
		{E4F94949-95ED-4DC4-8B3C-2979B463DD78}.Debug|x64.Build.0 = Debug|x64
		{E4F94949-95ED-4DC4-8B3C-2979B463DD78}.Debug|x86.ActiveCfg = Debug|Win32
		{E4F94949-95ED-4DC4-8B3C-2979B463DD78}.Debug|x86.Build.0 = Debug|Win32
		{E4F94949-95ED-4DC4-8B3C-2979B463DD78}.Release|x64.ActiveCfg = Release|x64
		{E4F94949-95ED-4DC4-8B3C-2979B463DD78}.Release|x64.Build.0 = Release|x64
		{E4F94949-95ED-4DC4-8B3C-2979B463DD78}.Release|x86.ActiveCfg = Release|Win32
		{E4F94949-95ED-4DC4-8B3C-2979B463DD78}.Release|x86.Build.0 = Release|Win32
		{39FEAD18-D907-4E51-8C37-53CB68CF63BC}.Debug|x64.ActiveCfg = Debug|x64
		{39FEAD18-D907-4E51-8C37-53CB68CF63BC}.Debug|x64.Build.0 = Debug|x64
		{39FEAD18-D907-4E51-8C37-53CB68CF63BC}.Debug|x86.ActiveCfg = Debug|Win32
		{39FEAD18-D907-4E51-8C37-53CB68CF63BC}.Debug|x86.Build.0 = Debug|Win32
		{39FEAD18-D907-4E51-8C37-53CB68CF63BC}.Release|x64.ActiveCfg = Release|x64
		{39FEAD18-D907-4E51-8C37-53CB68CF63BC}.Release|x64.Build.0 = Release|x64
		{39FEAD18-D907-4E51-8C37-53CB68CF63BC}.Release|x86.ActiveCfg = Release|Win32
		{39FEAD18-D907-4E51-8C37-53CB68CF63BC}.Release|x86.Build.0 = Release|Win32
		{0314DB4E-0879-4BFF-82EF-DE4DC3D1BBA9}.Debug|x64.ActiveCfg = Debug|x64
		{0314DB4E-0879-4BFF-82EF-DE4DC3D1BBA9}.Debug|x64.Build.0 = Debug|x64
		{0314DB4E-0879-4BFF-82EF-DE4DC3D1BBA9}.Debug|x86.ActiveCfg = Debug|Win32
		{0314DB4E-0879-4BFF-82EF-DE4DC3D1BBA9}.Debug|x86.Build.0 = Debug|Win32
		{0314DB4E-0879-4BFF-82EF-DE4DC3D1BBA9}.Release|x64.ActiveCfg = Release|x64
		{0314DB4E-0879-4BFF-82EF-DE4DC3D1BBA9}.Release|x64.Build.0 = Release|x64
		{0314DB4E-0879-4BFF-82EF-DE4DC3D1BBA9}.Release|x86.ActiveCfg = Release|Win32
		{0314DB4E-0879-4BFF-82EF-DE4DC3D1BBA9}.Release|x86.Build.0 = Release|Win32
		{3B640A84-0FBB-4810-99E8-FBD80545F812}.Debug|x64.ActiveCfg = Debug|x64
		{3B640A84-0FBB-4810-99E8-FBD80545F812}.Debug|x64.Build.0 = Debug|x64
		{3B640A84-0FBB-4810-99E8-FBD80545F812}.Debug|x86.ActiveCfg = Debug|Win32
		{3B640A84-0FBB-4810-99E8-FBD80545F812}.Debug|x86.Build.0 = Debug|Win32
		{3B640A84-0FBB-4810-99E8-FBD80545F812}.Release|x64.ActiveCfg = Release|x64
		{3B640A84-0FBB-4810-99E8-FBD80545F812}.Release|x64.Build.0 = Release|x64
		{3B640A84-0FBB-4810-99E8-FBD80545F812}.Release|x86.ActiveCfg = Release|Win32
		{3B640A84-0FBB-4810-99E8-FBD80545F812}.Release|x86.Build.0 = Release|Win32
		{4C042BC7-DD9A-4036-842D-E409B2939984}.Debug|x64.ActiveCfg = Debug|x64
		{4C042BC7-DD9A-4036-842D-E409B2939984}.Debug|x64.Build.0 = Debug|x64
		{4C042BC7-DD9A-4036-842D-E409B2939984}.Debug|x86.ActiveCfg = Debug|Win32
		{4C042BC7-DD9A-4036-842D-E409B2939984}.Debug|x86.Build.0 = Debug|Win32
		{4C042BC7-DD9A-4036-842D-E409B2939984}.Release|x64.ActiveCfg = Release|x64
		{4C042BC7-DD9A-4036-842D-E409B2939984}.Release|x64.Build.0 = Release|x64
		{4C042BC7-DD9A-4036-842D-E409B2939984}.Release|x86.ActiveCfg = Release|Win32
		{4C042BC7-DD9A-4036-842D-E409B2939984}.Release|x86.Build.0 = Release|Win32
	EndGlobalSection
	GlobalSection(SolutionProperties) = preSolution
		HideSolutionNode = FALSE
	EndGlobalSection
	GlobalSection(ExtensibilityGlobals) = postSolution
		SolutionGuid = {D7E9945D-E102-4C88-9A38-6D407CB2141D}
	EndGlobalSection
EndGlobal
